// !$*UTF8*$!
{
	archiveVersion = 1;
	classes = {
	};
	objectVersion = 50;
	objects = {

/* Begin PBXBuildFile section */
		664BE1D525F77FF100822F55 /* AppDelegate.swift in Sources */ = {isa = PBXBuildFile; fileRef = 664BE1D425F77FF100822F55 /* AppDelegate.swift */; };
		664BE1D725F77FF100822F55 /* SceneDelegate.swift in Sources */ = {isa = PBXBuildFile; fileRef = 664BE1D625F77FF100822F55 /* SceneDelegate.swift */; };
		664BE1D925F77FF100822F55 /* ViewController.swift in Sources */ = {isa = PBXBuildFile; fileRef = 664BE1D825F77FF100822F55 /* ViewController.swift */; };
		664BE1DC25F77FF100822F55 /* Main.storyboard in Resources */ = {isa = PBXBuildFile; fileRef = 664BE1DA25F77FF100822F55 /* Main.storyboard */; };
		664BE1DE25F77FF200822F55 /* Assets.xcassets in Resources */ = {isa = PBXBuildFile; fileRef = 664BE1DD25F77FF200822F55 /* Assets.xcassets */; };
		664BE1E125F77FF200822F55 /* LaunchScreen.storyboard in Resources */ = {isa = PBXBuildFile; fileRef = 664BE1DF25F77FF200822F55 /* LaunchScreen.storyboard */; };
		664BE1EA25F7800600822F55 /* .gitignore in Resources */ = {isa = PBXBuildFile; fileRef = 664BE1E925F7800600822F55 /* .gitignore */; };
		664BE1EE25F7961B00822F55 /* Extensions.swift in Sources */ = {isa = PBXBuildFile; fileRef = 664BE1ED25F7961B00822F55 /* Extensions.swift */; };
/* End PBXBuildFile section */

/* Begin PBXFileReference section */
		664BE1D125F77FF100822F55 /* InstaFirebase.app */ = {isa = PBXFileReference; explicitFileType = wrapper.application; includeInIndex = 0; path = InstaFirebase.app; sourceTree = BUILT_PRODUCTS_DIR; };
		664BE1D425F77FF100822F55 /* AppDelegate.swift */ = {isa = PBXFileReference; lastKnownFileType = sourcecode.swift; path = AppDelegate.swift; sourceTree = "<group>"; };
		664BE1D625F77FF100822F55 /* SceneDelegate.swift */ = {isa = PBXFileReference; lastKnownFileType = sourcecode.swift; path = SceneDelegate.swift; sourceTree = "<group>"; };
		664BE1D825F77FF100822F55 /* ViewController.swift */ = {isa = PBXFileReference; lastKnownFileType = sourcecode.swift; path = ViewController.swift; sourceTree = "<group>"; };
		664BE1DB25F77FF100822F55 /* Base */ = {isa = PBXFileReference; lastKnownFileType = file.storyboard; name = Base; path = Base.lproj/Main.storyboard; sourceTree = "<group>"; };
		664BE1DD25F77FF200822F55 /* Assets.xcassets */ = {isa = PBXFileReference; lastKnownFileType = folder.assetcatalog; path = Assets.xcassets; sourceTree = "<group>"; };
		664BE1E025F77FF200822F55 /* Base */ = {isa = PBXFileReference; lastKnownFileType = file.storyboard; name = Base; path = Base.lproj/LaunchScreen.storyboard; sourceTree = "<group>"; };
		664BE1E225F77FF200822F55 /* Info.plist */ = {isa = PBXFileReference; lastKnownFileType = text.plist.xml; path = Info.plist; sourceTree = "<group>"; };
		664BE1E925F7800600822F55 /* .gitignore */ = {isa = PBXFileReference; lastKnownFileType = text; path = .gitignore; sourceTree = "<group>"; };
		664BE1ED25F7961B00822F55 /* Extensions.swift */ = {isa = PBXFileReference; lastKnownFileType = sourcecode.swift; path = Extensions.swift; sourceTree = "<group>"; };
/* End PBXFileReference section */

/* Begin PBXFrameworksBuildPhase section */
		664BE1CE25F77FF100822F55 /* Frameworks */ = {
			isa = PBXFrameworksBuildPhase;
			buildActionMask = 2147483647;
			files = (
			);
			runOnlyForDeploymentPostprocessing = 0;
		};
/* End PBXFrameworksBuildPhase section */

/* Begin PBXGroup section */
		664BE1C825F77FF100822F55 = {
			isa = PBXGroup;
			children = (
				664BE1D325F77FF100822F55 /* InstaFirebase */,
				664BE1D225F77FF100822F55 /* Products */,
			);
			sourceTree = "<group>";
		};
		664BE1D225F77FF100822F55 /* Products */ = {
			isa = PBXGroup;
			children = (
				664BE1D125F77FF100822F55 /* InstaFirebase.app */,
			);
			name = Products;
			sourceTree = "<group>";
		};
		664BE1D325F77FF100822F55 /* InstaFirebase */ = {
			isa = PBXGroup;
			children = (
				664BE1F025F7961F00822F55 /* Utilities */,
				664BE1D425F77FF100822F55 /* AppDelegate.swift */,
				664BE1D625F77FF100822F55 /* SceneDelegate.swift */,
				664BE1D825F77FF100822F55 /* ViewController.swift */,
				664BE1DA25F77FF100822F55 /* Main.storyboard */,
				664BE1DD25F77FF200822F55 /* Assets.xcassets */,
				664BE1DF25F77FF200822F55 /* LaunchScreen.storyboard */,
				664BE1E225F77FF200822F55 /* Info.plist */,
				664BE1E925F7800600822F55 /* .gitignore */,
			);
			path = InstaFirebase;
			sourceTree = "<group>";
		};
		664BE1F025F7961F00822F55 /* Utilities */ = {
			isa = PBXGroup;
			children = (
				664BE1ED25F7961B00822F55 /* Extensions.swift */,
			);
			path = Utilities;
			sourceTree = "<group>";
		};
/* End PBXGroup section */

/* Begin PBXNativeTarget section */
		664BE1D025F77FF100822F55 /* InstaFirebase */ = {
			isa = PBXNativeTarget;
			buildConfigurationList = 664BE1E525F77FF200822F55 /* Build configuration list for PBXNativeTarget "InstaFirebase" */;
			buildPhases = (
				664BE1CD25F77FF100822F55 /* Sources */,
				664BE1CE25F77FF100822F55 /* Frameworks */,
				664BE1CF25F77FF100822F55 /* Resources */,
			);
			buildRules = (
			);
			dependencies = (
			);
			name = InstaFirebase;
			productName = InstaFirebase;
			productReference = 664BE1D125F77FF100822F55 /* InstaFirebase.app */;
			productType = "com.apple.product-type.application";
		};
/* End PBXNativeTarget section */

/* Begin PBXProject section */
		664BE1C925F77FF100822F55 /* Project object */ = {
			isa = PBXProject;
			attributes = {
				LastSwiftUpdateCheck = 1230;
				LastUpgradeCheck = 1230;
				TargetAttributes = {
					664BE1D025F77FF100822F55 = {
						CreatedOnToolsVersion = 12.3;
					};
				};
			};
			buildConfigurationList = 664BE1CC25F77FF100822F55 /* Build configuration list for PBXProject "InstaFirebase" */;
			compatibilityVersion = "Xcode 9.3";
			developmentRegion = en;
			hasScannedForEncodings = 0;
			knownRegions = (
				en,
				Base,
			);
			mainGroup = 664BE1C825F77FF100822F55;
			productRefGroup = 664BE1D225F77FF100822F55 /* Products */;
			projectDirPath = "";
			projectRoot = "";
			targets = (
				664BE1D025F77FF100822F55 /* InstaFirebase */,
			);
		};
/* End PBXProject section */

/* Begin PBXResourcesBuildPhase section */
		664BE1CF25F77FF100822F55 /* Resources */ = {
			isa = PBXResourcesBuildPhase;
			buildActionMask = 2147483647;
			files = (
				664BE1EA25F7800600822F55 /* .gitignore in Resources */,
				664BE1E125F77FF200822F55 /* LaunchScreen.storyboard in Resources */,
				664BE1DE25F77FF200822F55 /* Assets.xcassets in Resources */,
				664BE1DC25F77FF100822F55 /* Main.storyboard in Resources */,
			);
			runOnlyForDeploymentPostprocessing = 0;
		};
/* End PBXResourcesBuildPhase section */

/* Begin PBXSourcesBuildPhase section */
		664BE1CD25F77FF100822F55 /* Sources */ = {
			isa = PBXSourcesBuildPhase;
			buildActionMask = 2147483647;
			files = (
				664BE1D925F77FF100822F55 /* ViewController.swift in Sources */,
				664BE1D525F77FF100822F55 /* AppDelegate.swift in Sources */,
				664BE1D725F77FF100822F55 /* SceneDelegate.swift in Sources */,
				664BE1EE25F7961B00822F55 /* Extensions.swift in Sources */,
			);
			runOnlyForDeploymentPostprocessing = 0;
		};
/* End PBXSourcesBuildPhase section */

/* Begin PBXVariantGroup section */
		664BE1DA25F77FF100822F55 /* Main.storyboard */ = {
			isa = PBXVariantGroup;
			children = (
				664BE1DB25F77FF100822F55 /* Base */,
			);
			name = Main.storyboard;
			sourceTree = "<group>";
		};
		664BE1DF25F77FF200822F55 /* LaunchScreen.storyboard */ = {
			isa = PBXVariantGroup;
			children = (
				664BE1E025F77FF200822F55 /* Base */,
			);
			name = LaunchScreen.storyboard;
			sourceTree = "<group>";
		};
/* End PBXVariantGroup section */

/* Begin XCBuildConfiguration section */
		664BE1E325F77FF200822F55 /* Debug */ = {
			isa = XCBuildConfiguration;
			buildSettings = {
				ALWAYS_SEARCH_USER_PATHS = NO;
				CLANG_ANALYZER_NONNULL = YES;
				CLANG_ANALYZER_NUMBER_OBJECT_CONVERSION = YES_AGGRESSIVE;
				CLANG_CXX_LANGUAGE_STANDARD = "gnu++14";
				CLANG_CXX_LIBRARY = "libc++";
				CLANG_ENABLE_MODULES = YES;
				CLANG_ENABLE_OBJC_ARC = YES;
				CLANG_ENABLE_OBJC_WEAK = YES;
				CLANG_WARN_BLOCK_CAPTURE_AUTORELEASING = YES;
				CLANG_WARN_BOOL_CONVERSION = YES;
				CLANG_WARN_COMMA = YES;
				CLANG_WARN_CONSTANT_CONVERSION = YES;
				CLANG_WARN_DEPRECATED_OBJC_IMPLEMENTATIONS = YES;
				CLANG_WARN_DIRECT_OBJC_ISA_USAGE = YES_ERROR;
				CLANG_WARN_DOCUMENTATION_COMMENTS = YES;
				CLANG_WARN_EMPTY_BODY = YES;
				CLANG_WARN_ENUM_CONVERSION = YES;
				CLANG_WARN_INFINITE_RECURSION = YES;
				CLANG_WARN_INT_CONVERSION = YES;
				CLANG_WARN_NON_LITERAL_NULL_CONVERSION = YES;
				CLANG_WARN_OBJC_IMPLICIT_RETAIN_SELF = YES;
				CLANG_WARN_OBJC_LITERAL_CONVERSION = YES;
				CLANG_WARN_OBJC_ROOT_CLASS = YES_ERROR;
				CLANG_WARN_QUOTED_INCLUDE_IN_FRAMEWORK_HEADER = YES;
				CLANG_WARN_RANGE_LOOP_ANALYSIS = YES;
				CLANG_WARN_STRICT_PROTOTYPES = YES;
				CLANG_WARN_SUSPICIOUS_MOVE = YES;
				CLANG_WARN_UNGUARDED_AVAILABILITY = YES_AGGRESSIVE;
				CLANG_WARN_UNREACHABLE_CODE = YES;
				CLANG_WARN__DUPLICATE_METHOD_MATCH = YES;
				COPY_PHASE_STRIP = NO;
				DEBUG_INFORMATION_FORMAT = dwarf;
				ENABLE_STRICT_OBJC_MSGSEND = YES;
				ENABLE_TESTABILITY = YES;
				GCC_C_LANGUAGE_STANDARD = gnu11;
				GCC_DYNAMIC_NO_PIC = NO;
				GCC_NO_COMMON_BLOCKS = YES;
				GCC_OPTIMIZATION_LEVEL = 0;
				GCC_PREPROCESSOR_DEFINITIONS = (
					"DEBUG=1",
					"$(inherited)",
				);
				GCC_WARN_64_TO_32_BIT_CONVERSION = YES;
				GCC_WARN_ABOUT_RETURN_TYPE = YES_ERROR;
				GCC_WARN_UNDECLARED_SELECTOR = YES;
				GCC_WARN_UNINITIALIZED_AUTOS = YES_AGGRESSIVE;
				GCC_WARN_UNUSED_FUNCTION = YES;
				GCC_WARN_UNUSED_VARIABLE = YES;
				IPHONEOS_DEPLOYMENT_TARGET = 14.3;
				MTL_ENABLE_DEBUG_INFO = INCLUDE_SOURCE;
				MTL_FAST_MATH = YES;
				ONLY_ACTIVE_ARCH = YES;
				SDKROOT = iphoneos;
				SWIFT_ACTIVE_COMPILATION_CONDITIONS = DEBUG;
				SWIFT_OPTIMIZATION_LEVEL = "-Onone";
			};
			name = Debug;
		};
		664BE1E425F77FF200822F55 /* Release */ = {
			isa = XCBuildConfiguration;
			buildSettings = {
				ALWAYS_SEARCH_USER_PATHS = NO;
				CLANG_ANALYZER_NONNULL = YES;
				CLANG_ANALYZER_NUMBER_OBJECT_CONVERSION = YES_AGGRESSIVE;
				CLANG_CXX_LANGUAGE_STANDARD = "gnu++14";
				CLANG_CXX_LIBRARY = "libc++";
				CLANG_ENABLE_MODULES = YES;
				CLANG_ENABLE_OBJC_ARC = YES;
				CLANG_ENABLE_OBJC_WEAK = YES;
				CLANG_WARN_BLOCK_CAPTURE_AUTORELEASING = YES;
				CLANG_WARN_BOOL_CONVERSION = YES;
				CLANG_WARN_COMMA = YES;
				CLANG_WARN_CONSTANT_CONVERSION = YES;
				CLANG_WARN_DEPRECATED_OBJC_IMPLEMENTATIONS = YES;
				CLANG_WARN_DIRECT_OBJC_ISA_USAGE = YES_ERROR;
				CLANG_WARN_DOCUMENTATION_COMMENTS = YES;
				CLANG_WARN_EMPTY_BODY = YES;
				CLANG_WARN_ENUM_CONVERSION = YES;
				CLANG_WARN_INFINITE_RECURSION = YES;
				CLANG_WARN_INT_CONVERSION = YES;
				CLANG_WARN_NON_LITERAL_NULL_CONVERSION = YES;
				CLANG_WARN_OBJC_IMPLICIT_RETAIN_SELF = YES;
				CLANG_WARN_OBJC_LITERAL_CONVERSION = YES;
				CLANG_WARN_OBJC_ROOT_CLASS = YES_ERROR;
				CLANG_WARN_QUOTED_INCLUDE_IN_FRAMEWORK_HEADER = YES;
				CLANG_WARN_RANGE_LOOP_ANALYSIS = YES;
				CLANG_WARN_STRICT_PROTOTYPES = YES;
				CLANG_WARN_SUSPICIOUS_MOVE = YES;
				CLANG_WARN_UNGUARDED_AVAILABILITY = YES_AGGRESSIVE;
				CLANG_WARN_UNREACHABLE_CODE = YES;
				CLANG_WARN__DUPLICATE_METHOD_MATCH = YES;
				COPY_PHASE_STRIP = NO;
				DEBUG_INFORMATION_FORMAT = "dwarf-with-dsym";
				ENABLE_NS_ASSERTIONS = NO;
				ENABLE_STRICT_OBJC_MSGSEND = YES;
				GCC_C_LANGUAGE_STANDARD = gnu11;
				GCC_NO_COMMON_BLOCKS = YES;
				GCC_WARN_64_TO_32_BIT_CONVERSION = YES;
				GCC_WARN_ABOUT_RETURN_TYPE = YES_ERROR;
				GCC_WARN_UNDECLARED_SELECTOR = YES;
				GCC_WARN_UNINITIALIZED_AUTOS = YES_AGGRESSIVE;
				GCC_WARN_UNUSED_FUNCTION = YES;
				GCC_WARN_UNUSED_VARIABLE = YES;
				IPHONEOS_DEPLOYMENT_TARGET = 14.3;
				MTL_ENABLE_DEBUG_INFO = NO;
				MTL_FAST_MATH = YES;
				SDKROOT = iphoneos;
				SWIFT_COMPILATION_MODE = wholemodule;
				SWIFT_OPTIMIZATION_LEVEL = "-O";
				VALIDATE_PRODUCT = YES;
			};
			name = Release;
		};
		664BE1E625F77FF200822F55 /* Debug */ = {
			isa = XCBuildConfiguration;
			buildSettings = {
				ASSETCATALOG_COMPILER_APPICON_NAME = AppIcon;
				ASSETCATALOG_COMPILER_GLOBAL_ACCENT_COLOR_NAME = AccentColor;
				CODE_SIGN_STYLE = Automatic;
				DEVELOPMENT_TEAM = 94AP88933H;
				INFOPLIST_FILE = InstaFirebase/Info.plist;
				LD_RUNPATH_SEARCH_PATHS = (
					"$(inherited)",
					"@executable_path/Frameworks",
				);
				PRODUCT_BUNDLE_IDENTIFIER = "Alex-Onoprienko.InstaFirebase";
				PRODUCT_NAME = "$(TARGET_NAME)";
				SWIFT_VERSION = 5.0;
				TARGETED_DEVICE_FAMILY = "1,2";
			};
			name = Debug;
		};
		664BE1E725F77FF200822F55 /* Release */ = {
			isa = XCBuildConfiguration;
			buildSettings = {
				ASSETCATALOG_COMPILER_APPICON_NAME = AppIcon;
				ASSETCATALOG_COMPILER_GLOBAL_ACCENT_COLOR_NAME = AccentColor;
				CODE_SIGN_STYLE = Automatic;
				DEVELOPMENT_TEAM = 94AP88933H;
				INFOPLIST_FILE = InstaFirebase/Info.plist;
				LD_RUNPATH_SEARCH_PATHS = (
					"$(inherited)",
					"@executable_path/Frameworks",
				);
				PRODUCT_BUNDLE_IDENTIFIER = "Alex-Onoprienko.InstaFirebase";
				PRODUCT_NAME = "$(TARGET_NAME)";
				SWIFT_VERSION = 5.0;
				TARGETED_DEVICE_FAMILY = "1,2";
			};
			name = Release;
		};
/* End XCBuildConfiguration section */

/* Begin XCConfigurationList section */
		664BE1CC25F77FF100822F55 /* Build configuration list for PBXProject "InstaFirebase" */ = {
			isa = XCConfigurationList;
			buildConfigurations = (
				664BE1E325F77FF200822F55 /* Debug */,
				664BE1E425F77FF200822F55 /* Release */,
			);
			defaultConfigurationIsVisible = 0;
			defaultConfigurationName = Release;
		};
		664BE1E525F77FF200822F55 /* Build configuration list for PBXNativeTarget "InstaFirebase" */ = {
			isa = XCConfigurationList;
			buildConfigurations = (
				664BE1E625F77FF200822F55 /* Debug */,
				664BE1E725F77FF200822F55 /* Release */,
			);
			defaultConfigurationIsVisible = 0;
			defaultConfigurationName = Release;
		};
/* End XCConfigurationList section */
	};
	rootObject = 664BE1C925F77FF100822F55 /* Project object */;
}
